{
  "nodes": {
    "flake-parts": {
      "inputs": {
        "nixpkgs-lib": [
          "nixvim",
          "nixpkgs"
        ]
      },
      "locked": {
        "lastModified": 1765835352,
        "narHash": "sha256-XswHlK/Qtjasvhd1nOa1e8MgZ8GS//jBoTqWtrS1Giw=",
        "owner": "hercules-ci",
        "repo": "flake-parts",
        "rev": "a34fae9c08a15ad73f295041fec82323541400a9",
        "type": "github"
      },
      "original": {
        "owner": "hercules-ci",
        "repo": "flake-parts",
        "type": "github"
      }
    },
    "home-manager": {
      "inputs": {
        "nixpkgs": [
          "nixpkgs"
        ]
      },
      "locked": {
        "lastModified": 1766171975,
        "narHash": "sha256-47Ee0bTidhF/3/sHuYnWRuxcCrrm0mBNDxBkOTd3wWQ=",
        "owner": "nix-community",
        "repo": "home-manager",
        "rev": "bb35f07cc95a73aacbaf1f7f46bb8a3f40f265b5",
        "type": "github"
      },
      "original": {
        "owner": "nix-community",
        "repo": "home-manager",
        "type": "github"
      }
    },
    "nh": {
      "inputs": {
        "nixpkgs": [
          "nixpkgs"
        ]
      },
      "locked": {
        "lastModified": 1765855387,
        "narHash": "sha256-lDJLQqwxUxv7fRYrEkV0Rx/tw+Ka1hzdzneQ4tdj7hg=",
        "owner": "nix-community",
        "repo": "nh",
        "rev": "0edf96100b5f25194ad544e40a698d0f4c4e5c7f",
        "type": "github"
      },
      "original": {
        "owner": "nix-community",
        "repo": "nh",
        "type": "github"
      }
    },
    "nixpkgs": {
      "locked": {
        "lastModified": 1766070988,
        "narHash": "sha256-G/WVghka6c4bAzMhTwT2vjLccg/awmHkdKSd2JrycLc=",
        "owner": "NixOS",
        "repo": "nixpkgs",
        "rev": "c6245e83d836d0433170a16eb185cefe0572f8b8",
        "type": "github"
      },
      "original": {
        "owner": "NixOS",
        "ref": "nixos-unstable",
        "repo": "nixpkgs",
        "type": "github"
      }
    },
    "nixvim": {
      "inputs": {
        "flake-parts": "flake-parts",
        "nixpkgs": [
          "nixpkgs"
        ],
        "systems": "systems"
      },
      "locked": {
        "lastModified": 1766168819,
        "narHash": "sha256-4GN1ii4kexLgjR8KPmyY9R4V1JloYAJKZUhuz/ijT28=",
        "owner": "nix-community",
        "repo": "nixvim",
        "rev": "6013b67dc9ae84ca20a250d5c159efbc5dd242fc",
        "type": "github"
      },
      "original": {
        "owner": "nix-community",
        "repo": "nixvim",
        "type": "github"
      }
    },
    "root": {
      "inputs": {
        "home-manager": "home-manager",
        "nh": "nh",
        "nixpkgs": "nixpkgs",
        "nixvim": "nixvim",
        "sops-nix": "sops-nix"
      }
    },
    "sops-nix": {
      "inputs": {
        "nixpkgs": [
          "nixpkgs"
        ]
      },
      "locked": {
        "lastModified": 1765836173,
        "narHash": "sha256-hWRYfdH2ONI7HXbqZqW8Q1y9IRbnXWvtvt/ONZovSNY=",
        "owner": "Mic92",
        "repo": "sops-nix",
        "rev": "443a7f2e7e118c4fc63b7fae05ab3080dd0e5c63",
        "type": "github"
      },
      "original": {
        "owner": "Mic92",
        "repo": "sops-nix",
        "type": "github"
      }
    },
    "systems": {
      "locked": {
        "lastModified": 1681028828,
        "narHash": "sha256-Vy1rq5AaRuLzOxct8nz4T6wlgyUR7zLU309k9mBC768=",
        "owner": "nix-systems",
        "repo": "default",
        "rev": "da67096a3b9bf56a91d16901293e51ba5b49a27e",
        "type": "github"
      },
      "original": {
        "owner": "nix-systems",
        "repo": "default",
        "type": "github"
      }
    }
  },
  "root": "root",
  "version": 7
}
